version: 2.0
shards:
  db:
    git: https://github.com/crystal-lang/crystal-db.git
    version: 0.9.0

  phreak:
    git: https://github.com/shinzlet/phreak.git
    version: 0.2.0+git.commit.fe432f834290081c8709607118a79944030c3192

  sqlite3:
    git: https://github.com/crystal-lang/crystal-sqlite3.git
    version: 0.16.0

